// !$*UTF8*$!
{
	archiveVersion = 1;
	classes = {
	};
	objectVersion = 56;
	objects = {

/* Begin PBXBuildFile section */
		6537CF6E2C28347100402C77 /* SwiftCSV in Frameworks */ = {isa = PBXBuildFile; productRef = 6537CF6D2C28347100402C77 /* SwiftCSV */; };
		6537CF702C28374300402C77 /* SummaryView.swift in Sources */ = {isa = PBXBuildFile; fileRef = 6537CF6F2C28374300402C77 /* SummaryView.swift */; };
		6537CF722C28375200402C77 /* TripsView.swift in Sources */ = {isa = PBXBuildFile; fileRef = 6537CF712C28375200402C77 /* TripsView.swift */; };
		6537CF742C28375A00402C77 /* DriversView.swift in Sources */ = {isa = PBXBuildFile; fileRef = 6537CF732C28375A00402C77 /* DriversView.swift */; };
		6537CF762C28376300402C77 /* ExpensesView.swift in Sources */ = {isa = PBXBuildFile; fileRef = 6537CF752C28376300402C77 /* ExpensesView.swift */; };
		6537CF782C28AE1B00402C77 /* AppDependency.swift in Sources */ = {isa = PBXBuildFile; fileRef = 6537CF772C28AE1B00402C77 /* AppDependency.swift */; };
		6537CF7A2C28B5DC00402C77 /* TripService.swift in Sources */ = {isa = PBXBuildFile; fileRef = 6537CF792C28B5DC00402C77 /* TripService.swift */; };
		6537CF7E2C28B5EB00402C77 /* DriverService.swift in Sources */ = {isa = PBXBuildFile; fileRef = 6537CF7D2C28B5EB00402C77 /* DriverService.swift */; };
		6537CF822C28CAF200402C77 /* AppError.swift in Sources */ = {isa = PBXBuildFile; fileRef = 6537CF812C28CAF200402C77 /* AppError.swift */; };
		6537CF862C29A93100402C77 /* TripView.swift in Sources */ = {isa = PBXBuildFile; fileRef = 6537CF852C29A93100402C77 /* TripView.swift */; };
		6537CF982C29D92D00402C77 /* ExpenseService.swift in Sources */ = {isa = PBXBuildFile; fileRef = 6537CF972C29D92D00402C77 /* ExpenseService.swift */; };
		6537CF9A2C29D96100402C77 /* ExpenseVM.swift in Sources */ = {isa = PBXBuildFile; fileRef = 6537CF992C29D96100402C77 /* ExpenseVM.swift */; };
		6537CF9C2C2A1AE700402C77 /* AuthVM.swift in Sources */ = {isa = PBXBuildFile; fileRef = 6537CF9B2C2A1AE700402C77 /* AuthVM.swift */; };
		6537CF9E2C2A275B00402C77 /* AuthView.swift in Sources */ = {isa = PBXBuildFile; fileRef = 6537CF9D2C2A275B00402C77 /* AuthView.swift */; };
		654BB2F72C27254600E21B4C /* myTabiApp.swift in Sources */ = {isa = PBXBuildFile; fileRef = 654BB2F62C27254600E21B4C /* myTabiApp.swift */; };
		654BB2F92C27254600E21B4C /* ContentView.swift in Sources */ = {isa = PBXBuildFile; fileRef = 654BB2F82C27254600E21B4C /* ContentView.swift */; };
		654BB2FB2C27254700E21B4C /* Assets.xcassets in Resources */ = {isa = PBXBuildFile; fileRef = 654BB2FA2C27254700E21B4C /* Assets.xcassets */; };
		654BB2FE2C27254700E21B4C /* Preview Assets.xcassets in Resources */ = {isa = PBXBuildFile; fileRef = 654BB2FD2C27254700E21B4C /* Preview Assets.xcassets */; };
		654BB3082C27254800E21B4C /* myTabiTests.swift in Sources */ = {isa = PBXBuildFile; fileRef = 654BB3072C27254800E21B4C /* myTabiTests.swift */; };
		654BB3122C27254800E21B4C /* myTabiUITests.swift in Sources */ = {isa = PBXBuildFile; fileRef = 654BB3112C27254800E21B4C /* myTabiUITests.swift */; };
		654BB3142C27254800E21B4C /* myTabiUITestsLaunchTests.swift in Sources */ = {isa = PBXBuildFile; fileRef = 654BB3132C27254800E21B4C /* myTabiUITestsLaunchTests.swift */; };
		654BB3222C2728B600E21B4C /* FirebaseAuth in Frameworks */ = {isa = PBXBuildFile; productRef = 654BB3212C2728B600E21B4C /* FirebaseAuth */; };
		654BB3282C2728B600E21B4C /* FirebaseFirestore in Frameworks */ = {isa = PBXBuildFile; productRef = 654BB3272C2728B600E21B4C /* FirebaseFirestore */; };
		654BB32A2C2728B600E21B4C /* FirebaseFirestoreSwift in Frameworks */ = {isa = PBXBuildFile; productRef = 654BB3292C2728B600E21B4C /* FirebaseFirestoreSwift */; };
		654BB32C2C272A5D00E21B4C /* GoogleService-Info.plist in Resources */ = {isa = PBXBuildFile; fileRef = 654BB32B2C272A5D00E21B4C /* GoogleService-Info.plist */; };
		654BB32D2C272A5D00E21B4C /* GoogleService-Info.plist in Resources */ = {isa = PBXBuildFile; fileRef = 654BB32B2C272A5D00E21B4C /* GoogleService-Info.plist */; };
		654BB32E2C272A5D00E21B4C /* GoogleService-Info.plist in Resources */ = {isa = PBXBuildFile; fileRef = 654BB32B2C272A5D00E21B4C /* GoogleService-Info.plist */; };
		654BB3312C275DB400E21B4C /* DriverModel.swift in Sources */ = {isa = PBXBuildFile; fileRef = 654BB3302C275DB400E21B4C /* DriverModel.swift */; };
		654BB3352C275DC900E21B4C /* ExpenseModel.swift in Sources */ = {isa = PBXBuildFile; fileRef = 654BB3342C275DC900E21B4C /* ExpenseModel.swift */; };
		654BB3392C275DD300E21B4C /* TripModel.swift in Sources */ = {isa = PBXBuildFile; fileRef = 654BB3382C275DD300E21B4C /* TripModel.swift */; };
		654BB33F2C2761AC00E21B4C /* TripVM.swift in Sources */ = {isa = PBXBuildFile; fileRef = 654BB33E2C2761AC00E21B4C /* TripVM.swift */; };
		654BB3432C27672300E21B4C /* DriverVM.swift in Sources */ = {isa = PBXBuildFile; fileRef = 654BB3422C27672300E21B4C /* DriverVM.swift */; };
		654BB3472C27679700E21B4C /* FileImportView.swift in Sources */ = {isa = PBXBuildFile; fileRef = 654BB3462C27679700E21B4C /* FileImportView.swift */; };
		654BB34C2C276A1B00E21B4C /* SwiftCSV in Frameworks */ = {isa = PBXBuildFile; productRef = 654BB34B2C276A1B00E21B4C /* SwiftCSV */; };
		654BB34E2C28112600E21B4C /* CSVParser.swift in Sources */ = {isa = PBXBuildFile; fileRef = 654BB34D2C28112600E21B4C /* CSVParser.swift */; };
		6569E3E22C2EC32F00106286 /* NumbersOnlyViewModifier.swift in Sources */ = {isa = PBXBuildFile; fileRef = 6569E3E12C2EC32F00106286 /* NumbersOnlyViewModifier.swift */; };
		65C442862C2C820000110A16 /* BackgroundSymbolView.swift in Sources */ = {isa = PBXBuildFile; fileRef = 65C442852C2C820000110A16 /* BackgroundSymbolView.swift */; };
		65C442882C2CA51000110A16 /* MapView.swift in Sources */ = {isa = PBXBuildFile; fileRef = 65C442872C2CA51000110A16 /* MapView.swift */; };
/* End PBXBuildFile section */

/* Begin PBXContainerItemProxy section */
		654BB3042C27254800E21B4C /* PBXContainerItemProxy */ = {
			isa = PBXContainerItemProxy;
			containerPortal = 654BB2EB2C27254600E21B4C /* Project object */;
			proxyType = 1;
			remoteGlobalIDString = 654BB2F22C27254600E21B4C;
			remoteInfo = myTabi;
		};
		654BB30E2C27254800E21B4C /* PBXContainerItemProxy */ = {
			isa = PBXContainerItemProxy;
			containerPortal = 654BB2EB2C27254600E21B4C /* Project object */;
			proxyType = 1;
			remoteGlobalIDString = 654BB2F22C27254600E21B4C;
			remoteInfo = myTabi;
		};
/* End PBXContainerItemProxy section */

/* Begin PBXFileReference section */
		6537CF6F2C28374300402C77 /* SummaryView.swift */ = {isa = PBXFileReference; lastKnownFileType = sourcecode.swift; path = SummaryView.swift; sourceTree = "<group>"; };
		6537CF712C28375200402C77 /* TripsView.swift */ = {isa = PBXFileReference; lastKnownFileType = sourcecode.swift; path = TripsView.swift; sourceTree = "<group>"; };
		6537CF732C28375A00402C77 /* DriversView.swift */ = {isa = PBXFileReference; lastKnownFileType = sourcecode.swift; path = DriversView.swift; sourceTree = "<group>"; };
		6537CF752C28376300402C77 /* ExpensesView.swift */ = {isa = PBXFileReference; lastKnownFileType = sourcecode.swift; path = ExpensesView.swift; sourceTree = "<group>"; };
		6537CF772C28AE1B00402C77 /* AppDependency.swift */ = {isa = PBXFileReference; lastKnownFileType = sourcecode.swift; path = AppDependency.swift; sourceTree = "<group>"; };
		6537CF792C28B5DC00402C77 /* TripService.swift */ = {isa = PBXFileReference; lastKnownFileType = sourcecode.swift; path = TripService.swift; sourceTree = "<group>"; };
		6537CF7D2C28B5EB00402C77 /* DriverService.swift */ = {isa = PBXFileReference; lastKnownFileType = sourcecode.swift; path = DriverService.swift; sourceTree = "<group>"; };
		6537CF812C28CAF200402C77 /* AppError.swift */ = {isa = PBXFileReference; lastKnownFileType = sourcecode.swift; path = AppError.swift; sourceTree = "<group>"; };
		6537CF852C29A93100402C77 /* TripView.swift */ = {isa = PBXFileReference; lastKnownFileType = sourcecode.swift; path = TripView.swift; sourceTree = "<group>"; };
		6537CF972C29D92D00402C77 /* ExpenseService.swift */ = {isa = PBXFileReference; lastKnownFileType = sourcecode.swift; path = ExpenseService.swift; sourceTree = "<group>"; };
		6537CF992C29D96100402C77 /* ExpenseVM.swift */ = {isa = PBXFileReference; lastKnownFileType = sourcecode.swift; path = ExpenseVM.swift; sourceTree = "<group>"; };
		6537CF9B2C2A1AE700402C77 /* AuthVM.swift */ = {isa = PBXFileReference; lastKnownFileType = sourcecode.swift; path = AuthVM.swift; sourceTree = "<group>"; };
		6537CF9D2C2A275B00402C77 /* AuthView.swift */ = {isa = PBXFileReference; lastKnownFileType = sourcecode.swift; path = AuthView.swift; sourceTree = "<group>"; };
		654BB2F32C27254600E21B4C /* myTabi.app */ = {isa = PBXFileReference; explicitFileType = wrapper.application; includeInIndex = 0; path = myTabi.app; sourceTree = BUILT_PRODUCTS_DIR; };
		654BB2F62C27254600E21B4C /* myTabiApp.swift */ = {isa = PBXFileReference; lastKnownFileType = sourcecode.swift; path = myTabiApp.swift; sourceTree = "<group>"; };
		654BB2F82C27254600E21B4C /* ContentView.swift */ = {isa = PBXFileReference; lastKnownFileType = sourcecode.swift; path = ContentView.swift; sourceTree = "<group>"; };
		654BB2FA2C27254700E21B4C /* Assets.xcassets */ = {isa = PBXFileReference; lastKnownFileType = folder.assetcatalog; path = Assets.xcassets; sourceTree = "<group>"; };
		654BB2FD2C27254700E21B4C /* Preview Assets.xcassets */ = {isa = PBXFileReference; lastKnownFileType = folder.assetcatalog; path = "Preview Assets.xcassets"; sourceTree = "<group>"; };
		654BB3032C27254800E21B4C /* myTabiTests.xctest */ = {isa = PBXFileReference; explicitFileType = wrapper.cfbundle; includeInIndex = 0; path = myTabiTests.xctest; sourceTree = BUILT_PRODUCTS_DIR; };
		654BB3072C27254800E21B4C /* myTabiTests.swift */ = {isa = PBXFileReference; lastKnownFileType = sourcecode.swift; path = myTabiTests.swift; sourceTree = "<group>"; };
		654BB30D2C27254800E21B4C /* myTabiUITests.xctest */ = {isa = PBXFileReference; explicitFileType = wrapper.cfbundle; includeInIndex = 0; path = myTabiUITests.xctest; sourceTree = BUILT_PRODUCTS_DIR; };
		654BB3112C27254800E21B4C /* myTabiUITests.swift */ = {isa = PBXFileReference; lastKnownFileType = sourcecode.swift; path = myTabiUITests.swift; sourceTree = "<group>"; };
		654BB3132C27254800E21B4C /* myTabiUITestsLaunchTests.swift */ = {isa = PBXFileReference; lastKnownFileType = sourcecode.swift; path = myTabiUITestsLaunchTests.swift; sourceTree = "<group>"; };
		654BB32B2C272A5D00E21B4C /* GoogleService-Info.plist */ = {isa = PBXFileReference; fileEncoding = 4; lastKnownFileType = text.plist.xml; path = "GoogleService-Info.plist"; sourceTree = "<group>"; };
		654BB3302C275DB400E21B4C /* DriverModel.swift */ = {isa = PBXFileReference; lastKnownFileType = sourcecode.swift; path = DriverModel.swift; sourceTree = "<group>"; };
		654BB3342C275DC900E21B4C /* ExpenseModel.swift */ = {isa = PBXFileReference; lastKnownFileType = sourcecode.swift; path = ExpenseModel.swift; sourceTree = "<group>"; };
		654BB3382C275DD300E21B4C /* TripModel.swift */ = {isa = PBXFileReference; lastKnownFileType = sourcecode.swift; path = TripModel.swift; sourceTree = "<group>"; };
		654BB33E2C2761AC00E21B4C /* TripVM.swift */ = {isa = PBXFileReference; lastKnownFileType = sourcecode.swift; path = TripVM.swift; sourceTree = "<group>"; };
		654BB3422C27672300E21B4C /* DriverVM.swift */ = {isa = PBXFileReference; lastKnownFileType = sourcecode.swift; path = DriverVM.swift; sourceTree = "<group>"; };
		654BB3462C27679700E21B4C /* FileImportView.swift */ = {isa = PBXFileReference; lastKnownFileType = sourcecode.swift; path = FileImportView.swift; sourceTree = "<group>"; };
		654BB34D2C28112600E21B4C /* CSVParser.swift */ = {isa = PBXFileReference; lastKnownFileType = sourcecode.swift; path = CSVParser.swift; sourceTree = "<group>"; };
		6569E3E12C2EC32F00106286 /* NumbersOnlyViewModifier.swift */ = {isa = PBXFileReference; lastKnownFileType = sourcecode.swift; path = NumbersOnlyViewModifier.swift; sourceTree = "<group>"; };
		65C442852C2C820000110A16 /* BackgroundSymbolView.swift */ = {isa = PBXFileReference; lastKnownFileType = sourcecode.swift; path = BackgroundSymbolView.swift; sourceTree = "<group>"; };
		65C442872C2CA51000110A16 /* MapView.swift */ = {isa = PBXFileReference; lastKnownFileType = sourcecode.swift; path = MapView.swift; sourceTree = "<group>"; };
/* End PBXFileReference section */

/* Begin PBXFrameworksBuildPhase section */
		654BB2F02C27254600E21B4C /* Frameworks */ = {
			isa = PBXFrameworksBuildPhase;
			buildActionMask = 2147483647;
			files = (
				654BB32A2C2728B600E21B4C /* FirebaseFirestoreSwift in Frameworks */,
				654BB3282C2728B600E21B4C /* FirebaseFirestore in Frameworks */,
				654BB34C2C276A1B00E21B4C /* SwiftCSV in Frameworks */,
				654BB3222C2728B600E21B4C /* FirebaseAuth in Frameworks */,
			);
			runOnlyForDeploymentPostprocessing = 0;
		};
		654BB3002C27254800E21B4C /* Frameworks */ = {
			isa = PBXFrameworksBuildPhase;
			buildActionMask = 2147483647;
			files = (
			);
			runOnlyForDeploymentPostprocessing = 0;
		};
		654BB30A2C27254800E21B4C /* Frameworks */ = {
			isa = PBXFrameworksBuildPhase;
			buildActionMask = 2147483647;
			files = (
				6537CF6E2C28347100402C77 /* SwiftCSV in Frameworks */,
			);
			runOnlyForDeploymentPostprocessing = 0;
		};
/* End PBXFrameworksBuildPhase section */

/* Begin PBXGroup section */
		6537CFB92C2B1A7D00402C77 /* Model */ = {
			isa = PBXGroup;
			children = (
				654BB3382C275DD300E21B4C /* TripModel.swift */,
				654BB3342C275DC900E21B4C /* ExpenseModel.swift */,
				654BB3302C275DB400E21B4C /* DriverModel.swift */,
			);
			path = Model;
			sourceTree = "<group>";
		};
		6537CFBA2C2B1A8A00402C77 /* Service */ = {
			isa = PBXGroup;
			children = (
				6537CF792C28B5DC00402C77 /* TripService.swift */,
				6537CF972C29D92D00402C77 /* ExpenseService.swift */,
				6537CF7D2C28B5EB00402C77 /* DriverService.swift */,
				654BB34D2C28112600E21B4C /* CSVParser.swift */,
			);
			path = Service;
			sourceTree = "<group>";
		};
		654BB2EA2C27254600E21B4C = {
			isa = PBXGroup;
			children = (
				654BB2F52C27254600E21B4C /* myTabi */,
				654BB3062C27254800E21B4C /* myTabiTests */,
				654BB3102C27254800E21B4C /* myTabiUITests */,
				654BB2F42C27254600E21B4C /* Products */,
			);
			sourceTree = "<group>";
		};
		654BB2F42C27254600E21B4C /* Products */ = {
			isa = PBXGroup;
			children = (
				654BB2F32C27254600E21B4C /* myTabi.app */,
				654BB3032C27254800E21B4C /* myTabiTests.xctest */,
				654BB30D2C27254800E21B4C /* myTabiUITests.xctest */,
			);
			name = Products;
			sourceTree = "<group>";
		};
		654BB2F52C27254600E21B4C /* myTabi */ = {
			isa = PBXGroup;
			children = (
				654BB2F62C27254600E21B4C /* myTabiApp.swift */,
				654BB2F82C27254600E21B4C /* ContentView.swift */,
				6537CF772C28AE1B00402C77 /* AppDependency.swift */,
				654BB33D2C27617100E21B4C /* View */,
				654BB33C2C27616600E21B4C /* ViewModel */,
				654BB32F2C275D9600E21B4C /* Model */,
				654BB32B2C272A5D00E21B4C /* GoogleService-Info.plist */,
				654BB2FA2C27254700E21B4C /* Assets.xcassets */,
				654BB2FC2C27254700E21B4C /* Preview Content */,
			);
			path = myTabi;
			sourceTree = "<group>";
		};
		654BB2FC2C27254700E21B4C /* Preview Content */ = {
			isa = PBXGroup;
			children = (
				654BB2FD2C27254700E21B4C /* Preview Assets.xcassets */,
			);
			path = "Preview Content";
			sourceTree = "<group>";
		};
		654BB3062C27254800E21B4C /* myTabiTests */ = {
			isa = PBXGroup;
			children = (
				654BB3072C27254800E21B4C /* myTabiTests.swift */,
			);
			path = myTabiTests;
			sourceTree = "<group>";
		};
		654BB3102C27254800E21B4C /* myTabiUITests */ = {
			isa = PBXGroup;
			children = (
				654BB3112C27254800E21B4C /* myTabiUITests.swift */,
				654BB3132C27254800E21B4C /* myTabiUITestsLaunchTests.swift */,
			);
			path = myTabiUITests;
			sourceTree = "<group>";
		};
		654BB32F2C275D9600E21B4C /* Model */ = {
			isa = PBXGroup;
			children = (
				6537CFBA2C2B1A8A00402C77 /* Service */,
				6537CFB92C2B1A7D00402C77 /* Model */,
				6537CF812C28CAF200402C77 /* AppError.swift */,
			);
			path = Model;
			sourceTree = "<group>";
		};
		654BB33C2C27616600E21B4C /* ViewModel */ = {
			isa = PBXGroup;
			children = (
				654BB33E2C2761AC00E21B4C /* TripVM.swift */,
				6537CF992C29D96100402C77 /* ExpenseVM.swift */,
				654BB3422C27672300E21B4C /* DriverVM.swift */,
				6537CF9B2C2A1AE700402C77 /* AuthVM.swift */,
			);
			path = ViewModel;
			sourceTree = "<group>";
		};
		654BB33D2C27617100E21B4C /* View */ = {
			isa = PBXGroup;
			children = (
				6537CF6F2C28374300402C77 /* SummaryView.swift */,
				6537CF712C28375200402C77 /* TripsView.swift */,
				6537CF852C29A93100402C77 /* TripView.swift */,
				65C442872C2CA51000110A16 /* MapView.swift */,
				6537CF752C28376300402C77 /* ExpensesView.swift */,
				6537CF732C28375A00402C77 /* DriversView.swift */,
				654BB3462C27679700E21B4C /* FileImportView.swift */,
				6537CF9D2C2A275B00402C77 /* AuthView.swift */,
				6569E3E02C2EC2DB00106286 /* Miscellaneous */,
			);
			path = View;
			sourceTree = "<group>";
		};
		6569E3E02C2EC2DB00106286 /* Miscellaneous */ = {
			isa = PBXGroup;
			children = (
				65C442852C2C820000110A16 /* BackgroundSymbolView.swift */,
				6569E3E12C2EC32F00106286 /* NumbersOnlyViewModifier.swift */,
			);
			path = Miscellaneous;
			sourceTree = "<group>";
		};
/* End PBXGroup section */

/* Begin PBXNativeTarget section */
		654BB2F22C27254600E21B4C /* myTabi */ = {
			isa = PBXNativeTarget;
			buildConfigurationList = 654BB3172C27254800E21B4C /* Build configuration list for PBXNativeTarget "myTabi" */;
			buildPhases = (
				654BB2EF2C27254600E21B4C /* Sources */,
				654BB2F02C27254600E21B4C /* Frameworks */,
				654BB2F12C27254600E21B4C /* Resources */,
			);
			buildRules = (
			);
			dependencies = (
			);
			name = myTabi;
			packageProductDependencies = (
				654BB3212C2728B600E21B4C /* FirebaseAuth */,
				654BB3272C2728B600E21B4C /* FirebaseFirestore */,
				654BB3292C2728B600E21B4C /* FirebaseFirestoreSwift */,
				654BB34B2C276A1B00E21B4C /* SwiftCSV */,
			);
			productName = myTabi;
			productReference = 654BB2F32C27254600E21B4C /* myTabi.app */;
			productType = "com.apple.product-type.application";
		};
		654BB3022C27254800E21B4C /* myTabiTests */ = {
			isa = PBXNativeTarget;
			buildConfigurationList = 654BB31A2C27254800E21B4C /* Build configuration list for PBXNativeTarget "myTabiTests" */;
			buildPhases = (
				654BB2FF2C27254800E21B4C /* Sources */,
				654BB3002C27254800E21B4C /* Frameworks */,
				654BB3012C27254800E21B4C /* Resources */,
			);
			buildRules = (
			);
			dependencies = (
				654BB3052C27254800E21B4C /* PBXTargetDependency */,
			);
			name = myTabiTests;
			productName = myTabiTests;
			productReference = 654BB3032C27254800E21B4C /* myTabiTests.xctest */;
			productType = "com.apple.product-type.bundle.unit-test";
		};
		654BB30C2C27254800E21B4C /* myTabiUITests */ = {
			isa = PBXNativeTarget;
			buildConfigurationList = 654BB31D2C27254800E21B4C /* Build configuration list for PBXNativeTarget "myTabiUITests" */;
			buildPhases = (
				654BB3092C27254800E21B4C /* Sources */,
				654BB30A2C27254800E21B4C /* Frameworks */,
				654BB30B2C27254800E21B4C /* Resources */,
			);
			buildRules = (
			);
			dependencies = (
				654BB30F2C27254800E21B4C /* PBXTargetDependency */,
			);
			name = myTabiUITests;
			packageProductDependencies = (
				6537CF6D2C28347100402C77 /* SwiftCSV */,
			);
			productName = myTabiUITests;
			productReference = 654BB30D2C27254800E21B4C /* myTabiUITests.xctest */;
			productType = "com.apple.product-type.bundle.ui-testing";
		};
/* End PBXNativeTarget section */

/* Begin PBXProject section */
		654BB2EB2C27254600E21B4C /* Project object */ = {
			isa = PBXProject;
			attributes = {
				BuildIndependentTargetsInParallel = 1;
				LastSwiftUpdateCheck = 1540;
				LastUpgradeCheck = 1540;
				TargetAttributes = {
					654BB2F22C27254600E21B4C = {
						CreatedOnToolsVersion = 15.4;
					};
					654BB3022C27254800E21B4C = {
						CreatedOnToolsVersion = 15.4;
						TestTargetID = 654BB2F22C27254600E21B4C;
					};
					654BB30C2C27254800E21B4C = {
						CreatedOnToolsVersion = 15.4;
						TestTargetID = 654BB2F22C27254600E21B4C;
					};
				};
			};
			buildConfigurationList = 654BB2EE2C27254600E21B4C /* Build configuration list for PBXProject "myTabi" */;
			compatibilityVersion = "Xcode 14.0";
			developmentRegion = en;
			hasScannedForEncodings = 0;
			knownRegions = (
				en,
				Base,
			);
			mainGroup = 654BB2EA2C27254600E21B4C;
			packageReferences = (
				654BB3202C2728B600E21B4C /* XCRemoteSwiftPackageReference "firebase-ios-sdk" */,
				654BB34A2C276A1B00E21B4C /* XCRemoteSwiftPackageReference "SwiftCSV" */,
			);
			productRefGroup = 654BB2F42C27254600E21B4C /* Products */;
			projectDirPath = "";
			projectRoot = "";
			targets = (
				654BB2F22C27254600E21B4C /* myTabi */,
				654BB3022C27254800E21B4C /* myTabiTests */,
				654BB30C2C27254800E21B4C /* myTabiUITests */,
			);
		};
/* End PBXProject section */

/* Begin PBXResourcesBuildPhase section */
		654BB2F12C27254600E21B4C /* Resources */ = {
			isa = PBXResourcesBuildPhase;
			buildActionMask = 2147483647;
			files = (
				654BB2FE2C27254700E21B4C /* Preview Assets.xcassets in Resources */,
				654BB2FB2C27254700E21B4C /* Assets.xcassets in Resources */,
				654BB32C2C272A5D00E21B4C /* GoogleService-Info.plist in Resources */,
			);
			runOnlyForDeploymentPostprocessing = 0;
		};
		654BB3012C27254800E21B4C /* Resources */ = {
			isa = PBXResourcesBuildPhase;
			buildActionMask = 2147483647;
			files = (
				654BB32D2C272A5D00E21B4C /* GoogleService-Info.plist in Resources */,
			);
			runOnlyForDeploymentPostprocessing = 0;
		};
		654BB30B2C27254800E21B4C /* Resources */ = {
			isa = PBXResourcesBuildPhase;
			buildActionMask = 2147483647;
			files = (
				654BB32E2C272A5D00E21B4C /* GoogleService-Info.plist in Resources */,
			);
			runOnlyForDeploymentPostprocessing = 0;
		};
/* End PBXResourcesBuildPhase section */

/* Begin PBXSourcesBuildPhase section */
		654BB2EF2C27254600E21B4C /* Sources */ = {
			isa = PBXSourcesBuildPhase;
			buildActionMask = 2147483647;
			files = (
				6537CF982C29D92D00402C77 /* ExpenseService.swift in Sources */,
				65C442882C2CA51000110A16 /* MapView.swift in Sources */,
				654BB3312C275DB400E21B4C /* DriverModel.swift in Sources */,
				654BB2F92C27254600E21B4C /* ContentView.swift in Sources */,
				65C442862C2C820000110A16 /* BackgroundSymbolView.swift in Sources */,
				654BB34E2C28112600E21B4C /* CSVParser.swift in Sources */,
				6537CF762C28376300402C77 /* ExpensesView.swift in Sources */,
				6569E3E22C2EC32F00106286 /* NumbersOnlyViewModifier.swift in Sources */,
				6537CF822C28CAF200402C77 /* AppError.swift in Sources */,
				6537CF722C28375200402C77 /* TripsView.swift in Sources */,
				654BB3352C275DC900E21B4C /* ExpenseModel.swift in Sources */,
				6537CF782C28AE1B00402C77 /* AppDependency.swift in Sources */,
				6537CF9A2C29D96100402C77 /* ExpenseVM.swift in Sources */,
				654BB3432C27672300E21B4C /* DriverVM.swift in Sources */,
				6537CF862C29A93100402C77 /* TripView.swift in Sources */,
				6537CF9C2C2A1AE700402C77 /* AuthVM.swift in Sources */,
				654BB33F2C2761AC00E21B4C /* TripVM.swift in Sources */,
				6537CF742C28375A00402C77 /* DriversView.swift in Sources */,
				654BB3472C27679700E21B4C /* FileImportView.swift in Sources */,
				6537CF7A2C28B5DC00402C77 /* TripService.swift in Sources */,
				654BB3392C275DD300E21B4C /* TripModel.swift in Sources */,
				654BB2F72C27254600E21B4C /* myTabiApp.swift in Sources */,
				6537CF7E2C28B5EB00402C77 /* DriverService.swift in Sources */,
				6537CF9E2C2A275B00402C77 /* AuthView.swift in Sources */,
				6537CF702C28374300402C77 /* SummaryView.swift in Sources */,
			);
			runOnlyForDeploymentPostprocessing = 0;
		};
		654BB2FF2C27254800E21B4C /* Sources */ = {
			isa = PBXSourcesBuildPhase;
			buildActionMask = 2147483647;
			files = (
				654BB3082C27254800E21B4C /* myTabiTests.swift in Sources */,
			);
			runOnlyForDeploymentPostprocessing = 0;
		};
		654BB3092C27254800E21B4C /* Sources */ = {
			isa = PBXSourcesBuildPhase;
			buildActionMask = 2147483647;
			files = (
				654BB3142C27254800E21B4C /* myTabiUITestsLaunchTests.swift in Sources */,
				654BB3122C27254800E21B4C /* myTabiUITests.swift in Sources */,
			);
			runOnlyForDeploymentPostprocessing = 0;
		};
/* End PBXSourcesBuildPhase section */

/* Begin PBXTargetDependency section */
		654BB3052C27254800E21B4C /* PBXTargetDependency */ = {
			isa = PBXTargetDependency;
			target = 654BB2F22C27254600E21B4C /* myTabi */;
			targetProxy = 654BB3042C27254800E21B4C /* PBXContainerItemProxy */;
		};
		654BB30F2C27254800E21B4C /* PBXTargetDependency */ = {
			isa = PBXTargetDependency;
			target = 654BB2F22C27254600E21B4C /* myTabi */;
			targetProxy = 654BB30E2C27254800E21B4C /* PBXContainerItemProxy */;
		};
/* End PBXTargetDependency section */

/* Begin XCBuildConfiguration section */
		654BB3152C27254800E21B4C /* Debug */ = {
			isa = XCBuildConfiguration;
			buildSettings = {
				ALWAYS_SEARCH_USER_PATHS = NO;
				ASSETCATALOG_COMPILER_GENERATE_SWIFT_ASSET_SYMBOL_EXTENSIONS = YES;
				CLANG_ANALYZER_NONNULL = YES;
				CLANG_ANALYZER_NUMBER_OBJECT_CONVERSION = YES_AGGRESSIVE;
				CLANG_CXX_LANGUAGE_STANDARD = "gnu++20";
				CLANG_ENABLE_MODULES = YES;
				CLANG_ENABLE_OBJC_ARC = YES;
				CLANG_ENABLE_OBJC_WEAK = YES;
				CLANG_WARN_BLOCK_CAPTURE_AUTORELEASING = YES;
				CLANG_WARN_BOOL_CONVERSION = YES;
				CLANG_WARN_COMMA = YES;
				CLANG_WARN_CONSTANT_CONVERSION = YES;
				CLANG_WARN_DEPRECATED_OBJC_IMPLEMENTATIONS = YES;
				CLANG_WARN_DIRECT_OBJC_ISA_USAGE = YES_ERROR;
				CLANG_WARN_DOCUMENTATION_COMMENTS = YES;
				CLANG_WARN_EMPTY_BODY = YES;
				CLANG_WARN_ENUM_CONVERSION = YES;
				CLANG_WARN_INFINITE_RECURSION = YES;
				CLANG_WARN_INT_CONVERSION = YES;
				CLANG_WARN_NON_LITERAL_NULL_CONVERSION = YES;
				CLANG_WARN_OBJC_IMPLICIT_RETAIN_SELF = YES;
				CLANG_WARN_OBJC_LITERAL_CONVERSION = YES;
				CLANG_WARN_OBJC_ROOT_CLASS = YES_ERROR;
				CLANG_WARN_QUOTED_INCLUDE_IN_FRAMEWORK_HEADER = YES;
				CLANG_WARN_RANGE_LOOP_ANALYSIS = YES;
				CLANG_WARN_STRICT_PROTOTYPES = YES;
				CLANG_WARN_SUSPICIOUS_MOVE = YES;
				CLANG_WARN_UNGUARDED_AVAILABILITY = YES_AGGRESSIVE;
				CLANG_WARN_UNREACHABLE_CODE = YES;
				CLANG_WARN__DUPLICATE_METHOD_MATCH = YES;
				COPY_PHASE_STRIP = NO;
				DEBUG_INFORMATION_FORMAT = dwarf;
				ENABLE_STRICT_OBJC_MSGSEND = YES;
				ENABLE_TESTABILITY = YES;
				ENABLE_USER_SCRIPT_SANDBOXING = YES;
				GCC_C_LANGUAGE_STANDARD = gnu17;
				GCC_DYNAMIC_NO_PIC = NO;
				GCC_NO_COMMON_BLOCKS = YES;
				GCC_OPTIMIZATION_LEVEL = 0;
				GCC_PREPROCESSOR_DEFINITIONS = (
					"DEBUG=1",
					"$(inherited)",
				);
				GCC_WARN_64_TO_32_BIT_CONVERSION = YES;
				GCC_WARN_ABOUT_RETURN_TYPE = YES_ERROR;
				GCC_WARN_UNDECLARED_SELECTOR = YES;
				GCC_WARN_UNINITIALIZED_AUTOS = YES_AGGRESSIVE;
				GCC_WARN_UNUSED_FUNCTION = YES;
				GCC_WARN_UNUSED_VARIABLE = YES;
				IPHONEOS_DEPLOYMENT_TARGET = 17.5;
				LOCALIZATION_PREFERS_STRING_CATALOGS = YES;
				MTL_ENABLE_DEBUG_INFO = INCLUDE_SOURCE;
				MTL_FAST_MATH = YES;
				ONLY_ACTIVE_ARCH = YES;
				SDKROOT = iphoneos;
				SWIFT_ACTIVE_COMPILATION_CONDITIONS = "DEBUG $(inherited)";
				SWIFT_OPTIMIZATION_LEVEL = "-Onone";
			};
			name = Debug;
		};
		654BB3162C27254800E21B4C /* Release */ = {
			isa = XCBuildConfiguration;
			buildSettings = {
				ALWAYS_SEARCH_USER_PATHS = NO;
				ASSETCATALOG_COMPILER_GENERATE_SWIFT_ASSET_SYMBOL_EXTENSIONS = YES;
				CLANG_ANALYZER_NONNULL = YES;
				CLANG_ANALYZER_NUMBER_OBJECT_CONVERSION = YES_AGGRESSIVE;
				CLANG_CXX_LANGUAGE_STANDARD = "gnu++20";
				CLANG_ENABLE_MODULES = YES;
				CLANG_ENABLE_OBJC_ARC = YES;
				CLANG_ENABLE_OBJC_WEAK = YES;
				CLANG_WARN_BLOCK_CAPTURE_AUTORELEASING = YES;
				CLANG_WARN_BOOL_CONVERSION = YES;
				CLANG_WARN_COMMA = YES;
				CLANG_WARN_CONSTANT_CONVERSION = YES;
				CLANG_WARN_DEPRECATED_OBJC_IMPLEMENTATIONS = YES;
				CLANG_WARN_DIRECT_OBJC_ISA_USAGE = YES_ERROR;
				CLANG_WARN_DOCUMENTATION_COMMENTS = YES;
				CLANG_WARN_EMPTY_BODY = YES;
				CLANG_WARN_ENUM_CONVERSION = YES;
				CLANG_WARN_INFINITE_RECURSION = YES;
				CLANG_WARN_INT_CONVERSION = YES;
				CLANG_WARN_NON_LITERAL_NULL_CONVERSION = YES;
				CLANG_WARN_OBJC_IMPLICIT_RETAIN_SELF = YES;
				CLANG_WARN_OBJC_LITERAL_CONVERSION = YES;
				CLANG_WARN_OBJC_ROOT_CLASS = YES_ERROR;
				CLANG_WARN_QUOTED_INCLUDE_IN_FRAMEWORK_HEADER = YES;
				CLANG_WARN_RANGE_LOOP_ANALYSIS = YES;
				CLANG_WARN_STRICT_PROTOTYPES = YES;
				CLANG_WARN_SUSPICIOUS_MOVE = YES;
				CLANG_WARN_UNGUARDED_AVAILABILITY = YES_AGGRESSIVE;
				CLANG_WARN_UNREACHABLE_CODE = YES;
				CLANG_WARN__DUPLICATE_METHOD_MATCH = YES;
				COPY_PHASE_STRIP = NO;
				DEBUG_INFORMATION_FORMAT = "dwarf-with-dsym";
				ENABLE_NS_ASSERTIONS = NO;
				ENABLE_STRICT_OBJC_MSGSEND = YES;
				ENABLE_USER_SCRIPT_SANDBOXING = YES;
				GCC_C_LANGUAGE_STANDARD = gnu17;
				GCC_NO_COMMON_BLOCKS = YES;
				GCC_WARN_64_TO_32_BIT_CONVERSION = YES;
				GCC_WARN_ABOUT_RETURN_TYPE = YES_ERROR;
				GCC_WARN_UNDECLARED_SELECTOR = YES;
				GCC_WARN_UNINITIALIZED_AUTOS = YES_AGGRESSIVE;
				GCC_WARN_UNUSED_FUNCTION = YES;
				GCC_WARN_UNUSED_VARIABLE = YES;
				IPHONEOS_DEPLOYMENT_TARGET = 17.5;
				LOCALIZATION_PREFERS_STRING_CATALOGS = YES;
				MTL_ENABLE_DEBUG_INFO = NO;
				MTL_FAST_MATH = YES;
				SDKROOT = iphoneos;
				SWIFT_COMPILATION_MODE = wholemodule;
				VALIDATE_PRODUCT = YES;
			};
			name = Release;
		};
		654BB3182C27254800E21B4C /* Debug */ = {
			isa = XCBuildConfiguration;
			buildSettings = {
				ASSETCATALOG_COMPILER_APPICON_NAME = AppIcon;
				ASSETCATALOG_COMPILER_GLOBAL_ACCENT_COLOR_NAME = AccentColor;
				CODE_SIGN_STYLE = Automatic;
				CURRENT_PROJECT_VERSION = 1;
				DEVELOPMENT_ASSET_PATHS = "\"myTabi/Preview Content\"";
				DEVELOPMENT_TEAM = T9FWDU6X89;
				ENABLE_PREVIEWS = YES;
				GENERATE_INFOPLIST_FILE = YES;
				INFOPLIST_KEY_UIApplicationSceneManifest_Generation = YES;
				INFOPLIST_KEY_UIApplicationSupportsIndirectInputEvents = YES;
				INFOPLIST_KEY_UILaunchScreen_Generation = YES;
				INFOPLIST_KEY_UISupportedInterfaceOrientations_iPad = "UIInterfaceOrientationPortrait UIInterfaceOrientationPortraitUpsideDown UIInterfaceOrientationLandscapeLeft UIInterfaceOrientationLandscapeRight";
				INFOPLIST_KEY_UISupportedInterfaceOrientations_iPhone = "UIInterfaceOrientationPortrait UIInterfaceOrientationLandscapeLeft UIInterfaceOrientationLandscapeRight";
				LD_RUNPATH_SEARCH_PATHS = (
					"$(inherited)",
					"@executable_path/Frameworks",
				);
				MARKETING_VERSION = 1.0;
				PRODUCT_BUNDLE_IDENTIFIER = "cz.cvut.fit.ni-ios.myTabi";
				PRODUCT_NAME = "$(TARGET_NAME)";
				SWIFT_EMIT_LOC_STRINGS = YES;
				SWIFT_VERSION = 5.0;
				TARGETED_DEVICE_FAMILY = "1,2";
			};
			name = Debug;
		};
		654BB3192C27254800E21B4C /* Release */ = {
			isa = XCBuildConfiguration;
			buildSettings = {
				ASSETCATALOG_COMPILER_APPICON_NAME = AppIcon;
				ASSETCATALOG_COMPILER_GLOBAL_ACCENT_COLOR_NAME = AccentColor;
				CODE_SIGN_STYLE = Automatic;
				CURRENT_PROJECT_VERSION = 1;
				DEVELOPMENT_ASSET_PATHS = "\"myTabi/Preview Content\"";
				DEVELOPMENT_TEAM = T9FWDU6X89;
				ENABLE_PREVIEWS = YES;
				GENERATE_INFOPLIST_FILE = YES;
				INFOPLIST_KEY_UIApplicationSceneManifest_Generation = YES;
				INFOPLIST_KEY_UIApplicationSupportsIndirectInputEvents = YES;
				INFOPLIST_KEY_UILaunchScreen_Generation = YES;
				INFOPLIST_KEY_UISupportedInterfaceOrientations_iPad = "UIInterfaceOrientationPortrait UIInterfaceOrientationPortraitUpsideDown UIInterfaceOrientationLandscapeLeft UIInterfaceOrientationLandscapeRight";
				INFOPLIST_KEY_UISupportedInterfaceOrientations_iPhone = "UIInterfaceOrientationPortrait UIInterfaceOrientationLandscapeLeft UIInterfaceOrientationLandscapeRight";
				LD_RUNPATH_SEARCH_PATHS = (
					"$(inherited)",
					"@executable_path/Frameworks",
				);
				MARKETING_VERSION = 1.0;
				PRODUCT_BUNDLE_IDENTIFIER = "cz.cvut.fit.ni-ios.myTabi";
				PRODUCT_NAME = "$(TARGET_NAME)";
				SWIFT_EMIT_LOC_STRINGS = YES;
				SWIFT_VERSION = 5.0;
				TARGETED_DEVICE_FAMILY = "1,2";
			};
			name = Release;
		};
		654BB31B2C27254800E21B4C /* Debug */ = {
			isa = XCBuildConfiguration;
			buildSettings = {
				ALWAYS_EMBED_SWIFT_STANDARD_LIBRARIES = YES;
				BUNDLE_LOADER = "$(TEST_HOST)";
				CODE_SIGN_STYLE = Automatic;
				CURRENT_PROJECT_VERSION = 1;
				DEVELOPMENT_TEAM = T9FWDU6X89;
				GENERATE_INFOPLIST_FILE = YES;
				IPHONEOS_DEPLOYMENT_TARGET = 17.5;
				MARKETING_VERSION = 1.0;
				PRODUCT_BUNDLE_IDENTIFIER = "cz.cvut.fit.ni-ios.myTabiTests";
				PRODUCT_NAME = "$(TARGET_NAME)";
				SWIFT_EMIT_LOC_STRINGS = NO;
				SWIFT_VERSION = 5.0;
				TARGETED_DEVICE_FAMILY = "1,2";
				TEST_HOST = "$(BUILT_PRODUCTS_DIR)/myTabi.app/$(BUNDLE_EXECUTABLE_FOLDER_PATH)/myTabi";
			};
			name = Debug;
		};
		654BB31C2C27254800E21B4C /* Release */ = {
			isa = XCBuildConfiguration;
			buildSettings = {
				ALWAYS_EMBED_SWIFT_STANDARD_LIBRARIES = YES;
				BUNDLE_LOADER = "$(TEST_HOST)";
				CODE_SIGN_STYLE = Automatic;
				CURRENT_PROJECT_VERSION = 1;
				DEVELOPMENT_TEAM = T9FWDU6X89;
				GENERATE_INFOPLIST_FILE = YES;
				IPHONEOS_DEPLOYMENT_TARGET = 17.5;
				MARKETING_VERSION = 1.0;
				PRODUCT_BUNDLE_IDENTIFIER = "cz.cvut.fit.ni-ios.myTabiTests";
				PRODUCT_NAME = "$(TARGET_NAME)";
				SWIFT_EMIT_LOC_STRINGS = NO;
				SWIFT_VERSION = 5.0;
				TARGETED_DEVICE_FAMILY = "1,2";
				TEST_HOST = "$(BUILT_PRODUCTS_DIR)/myTabi.app/$(BUNDLE_EXECUTABLE_FOLDER_PATH)/myTabi";
			};
			name = Release;
		};
		654BB31E2C27254800E21B4C /* Debug */ = {
			isa = XCBuildConfiguration;
			buildSettings = {
				ALWAYS_EMBED_SWIFT_STANDARD_LIBRARIES = YES;
				CODE_SIGN_STYLE = Automatic;
				CURRENT_PROJECT_VERSION = 1;
				DEVELOPMENT_TEAM = T9FWDU6X89;
				GENERATE_INFOPLIST_FILE = YES;
				MARKETING_VERSION = 1.0;
				PRODUCT_BUNDLE_IDENTIFIER = "cz.cvut.fit.ni-ios.myTabiUITests";
				PRODUCT_NAME = "$(TARGET_NAME)";
				SWIFT_EMIT_LOC_STRINGS = NO;
				SWIFT_VERSION = 5.0;
				TARGETED_DEVICE_FAMILY = "1,2";
				TEST_TARGET_NAME = myTabi;
			};
			name = Debug;
		};
		654BB31F2C27254800E21B4C /* Release */ = {
			isa = XCBuildConfiguration;
			buildSettings = {
				ALWAYS_EMBED_SWIFT_STANDARD_LIBRARIES = YES;
				CODE_SIGN_STYLE = Automatic;
				CURRENT_PROJECT_VERSION = 1;
				DEVELOPMENT_TEAM = T9FWDU6X89;
				GENERATE_INFOPLIST_FILE = YES;
				MARKETING_VERSION = 1.0;
				PRODUCT_BUNDLE_IDENTIFIER = "cz.cvut.fit.ni-ios.myTabiUITests";
				PRODUCT_NAME = "$(TARGET_NAME)";
				SWIFT_EMIT_LOC_STRINGS = NO;
				SWIFT_VERSION = 5.0;
				TARGETED_DEVICE_FAMILY = "1,2";
				TEST_TARGET_NAME = myTabi;
			};
			name = Release;
		};
/* End XCBuildConfiguration section */

/* Begin XCConfigurationList section */
		654BB2EE2C27254600E21B4C /* Build configuration list for PBXProject "myTabi" */ = {
			isa = XCConfigurationList;
			buildConfigurations = (
				654BB3152C27254800E21B4C /* Debug */,
				654BB3162C27254800E21B4C /* Release */,
			);
			defaultConfigurationIsVisible = 0;
			defaultConfigurationName = Release;
		};
		654BB3172C27254800E21B4C /* Build configuration list for PBXNativeTarget "myTabi" */ = {
			isa = XCConfigurationList;
			buildConfigurations = (
				654BB3182C27254800E21B4C /* Debug */,
				654BB3192C27254800E21B4C /* Release */,
			);
			defaultConfigurationIsVisible = 0;
			defaultConfigurationName = Release;
		};
		654BB31A2C27254800E21B4C /* Build configuration list for PBXNativeTarget "myTabiTests" */ = {
			isa = XCConfigurationList;
			buildConfigurations = (
				654BB31B2C27254800E21B4C /* Debug */,
				654BB31C2C27254800E21B4C /* Release */,
			);
			defaultConfigurationIsVisible = 0;
			defaultConfigurationName = Release;
		};
		654BB31D2C27254800E21B4C /* Build configuration list for PBXNativeTarget "myTabiUITests" */ = {
			isa = XCConfigurationList;
			buildConfigurations = (
				654BB31E2C27254800E21B4C /* Debug */,
				654BB31F2C27254800E21B4C /* Release */,
			);
			defaultConfigurationIsVisible = 0;
			defaultConfigurationName = Release;
		};
/* End XCConfigurationList section */

/* Begin XCRemoteSwiftPackageReference section */
		654BB3202C2728B600E21B4C /* XCRemoteSwiftPackageReference "firebase-ios-sdk" */ = {
			isa = XCRemoteSwiftPackageReference;
			repositoryURL = "https://github.com/firebase/firebase-ios-sdk";
			requirement = {
				kind = upToNextMajorVersion;
				minimumVersion = 10.28.0;
			};
		};
		654BB34A2C276A1B00E21B4C /* XCRemoteSwiftPackageReference "SwiftCSV" */ = {
			isa = XCRemoteSwiftPackageReference;
			repositoryURL = "https://github.com/swiftcsv/SwiftCSV.git";
			requirement = {
				kind = exactVersion;
				version = 0.8.1;
			};
		};
/* End XCRemoteSwiftPackageReference section */

/* Begin XCSwiftPackageProductDependency section */
		6537CF6D2C28347100402C77 /* SwiftCSV */ = {
			isa = XCSwiftPackageProductDependency;
			package = 654BB34A2C276A1B00E21B4C /* XCRemoteSwiftPackageReference "SwiftCSV" */;
			productName = SwiftCSV;
		};
		654BB3212C2728B600E21B4C /* FirebaseAuth */ = {
			isa = XCSwiftPackageProductDependency;
			package = 654BB3202C2728B600E21B4C /* XCRemoteSwiftPackageReference "firebase-ios-sdk" */;
			productName = FirebaseAuth;
		};
		654BB3272C2728B600E21B4C /* FirebaseFirestore */ = {
			isa = XCSwiftPackageProductDependency;
			package = 654BB3202C2728B600E21B4C /* XCRemoteSwiftPackageReference "firebase-ios-sdk" */;
			productName = FirebaseFirestore;
		};
		654BB3292C2728B600E21B4C /* FirebaseFirestoreSwift */ = {
			isa = XCSwiftPackageProductDependency;
			package = 654BB3202C2728B600E21B4C /* XCRemoteSwiftPackageReference "firebase-ios-sdk" */;
			productName = FirebaseFirestoreSwift;
		};
		654BB34B2C276A1B00E21B4C /* SwiftCSV */ = {
			isa = XCSwiftPackageProductDependency;
			package = 654BB34A2C276A1B00E21B4C /* XCRemoteSwiftPackageReference "SwiftCSV" */;
			productName = SwiftCSV;
		};
/* End XCSwiftPackageProductDependency section */
	};
	rootObject = 654BB2EB2C27254600E21B4C /* Project object */;
}
